
Microsoft Visual Studio Solution File, Format Version 12.00
# Visual Studio Version 17
VisualStudioVersion = 17.5.33530.505
MinimumVisualStudioVersion = 10.0.40219.1
Project("{FAE04EC0-301F-11D3-BF4B-00C04F79EFBC}") = "Back", "Back\Back.csproj", "{5093634A-ED98-4177-ACDA-038EFF277306}"
EndProject
Project("{FAE04EC0-301F-11D3-BF4B-00C04F79EFBC}") = "Front", "Front\Front.csproj", "{DDA2F9C2-C6A9-4E5E-8BBB-B7C580E9F778}"
EndProject
Global
	GlobalSection(SolutionConfigurationPlatforms) = preSolution
		Debug|Any CPU = Debug|Any CPU
		Release|Any CPU = Release|Any CPU
	EndGlobalSection
	GlobalSection(ProjectConfigurationPlatforms) = postSolution
		{5093634A-ED98-4177-ACDA-038EFF277306}.Debug|Any CPU.ActiveCfg = Debug|Any CPU
		{5093634A-ED98-4177-ACDA-038EFF277306}.Debug|Any CPU.Build.0 = Debug|Any CPU
		{5093634A-ED98-4177-ACDA-038EFF277306}.Release|Any CPU.ActiveCfg = Release|Any CPU
		{5093634A-ED98-4177-ACDA-038EFF277306}.Release|Any CPU.Build.0 = Release|Any CPU
		{DDA2F9C2-C6A9-4E5E-8BBB-B7C580E9F778}.Debug|Any CPU.ActiveCfg = Debug|Any CPU
		{DDA2F9C2-C6A9-4E5E-8BBB-B7C580E9F778}.Debug|Any CPU.Build.0 = Debug|Any CPU
		{DDA2F9C2-C6A9-4E5E-8BBB-B7C580E9F778}.Release|Any CPU.ActiveCfg = Release|Any CPU
		{DDA2F9C2-C6A9-4E5E-8BBB-B7C580E9F778}.Release|Any CPU.Build.0 = Release|Any CPU
	EndGlobalSection
	GlobalSection(SolutionProperties) = preSolution
		HideSolutionNode = FALSE
	EndGlobalSection
	GlobalSection(ExtensibilityGlobals) = postSolution
		SolutionGuid = {901CC68D-0EC2-4B5D-86DB-051DB68B37E8}
	EndGlobalSection
EndGlobal
